
Microsoft Visual Studio Solution File, Format Version 12.00
# Visual Studio Version 17
VisualStudioVersion = 17.4.33205.214
MinimumVisualStudioVersion = 10.0.40219.1
Project("{FAE04EC0-301F-11D3-BF4B-00C04F79EFBC}") = "CadastrarContato", "CadastrarContato\CadastrarContato.csproj", "{816426EB-3391-4BE5-96FC-9283CF1D379D}"
EndProject
Global
	GlobalSection(SolutionConfigurationPlatforms) = preSolution
		Debug|Any CPU = Debug|Any CPU
		Release|Any CPU = Release|Any CPU
	EndGlobalSection
	GlobalSection(ProjectConfigurationPlatforms) = postSolution
		{816426EB-3391-4BE5-96FC-9283CF1D379D}.Debug|Any CPU.ActiveCfg = Debug|Any CPU
		{816426EB-3391-4BE5-96FC-9283CF1D379D}.Debug|Any CPU.Build.0 = Debug|Any CPU
		{816426EB-3391-4BE5-96FC-9283CF1D379D}.Release|Any CPU.ActiveCfg = Release|Any CPU
		{816426EB-3391-4BE5-96FC-9283CF1D379D}.Release|Any CPU.Build.0 = Release|Any CPU
	EndGlobalSection
	GlobalSection(SolutionProperties) = preSolution
		HideSolutionNode = FALSE
	EndGlobalSection
	GlobalSection(ExtensibilityGlobals) = postSolution
		SolutionGuid = {7D29EE6E-2231-4AEC-B3FE-D766B352BC3C}
	EndGlobalSection
EndGlobal
